// !$*UTF8*$!
{
	archiveVersion = 1;
	classes = {
	};
	objectVersion = 50;
	objects = {

/* Begin PBXBuildFile section */
		9EADCAB62372233C00DB4BAC /* AppDelegate.swift in Sources */ = {isa = PBXBuildFile; fileRef = 9EADCAB52372233C00DB4BAC /* AppDelegate.swift */; };
		9EADCAB82372233C00DB4BAC /* SceneDelegate.swift in Sources */ = {isa = PBXBuildFile; fileRef = 9EADCAB72372233C00DB4BAC /* SceneDelegate.swift */; };
		9EADCABA2372233C00DB4BAC /* ViewController.swift in Sources */ = {isa = PBXBuildFile; fileRef = 9EADCAB92372233C00DB4BAC /* ViewController.swift */; };
		9EADCABD2372233C00DB4BAC /* Main.storyboard in Resources */ = {isa = PBXBuildFile; fileRef = 9EADCABB2372233C00DB4BAC /* Main.storyboard */; };
		9EADCABF2372233F00DB4BAC /* Assets.xcassets in Resources */ = {isa = PBXBuildFile; fileRef = 9EADCABE2372233F00DB4BAC /* Assets.xcassets */; };
		9EADCAC22372233F00DB4BAC /* LaunchScreen.storyboard in Resources */ = {isa = PBXBuildFile; fileRef = 9EADCAC02372233F00DB4BAC /* LaunchScreen.storyboard */; };
/* End PBXBuildFile section */

/* Begin PBXFileReference section */
		9EADCAB22372233C00DB4BAC /* AutoLayout101-take2.app */ = {isa = PBXFileReference; explicitFileType = wrapper.application; includeInIndex = 0; path = "AutoLayout101-take2.app"; sourceTree = BUILT_PRODUCTS_DIR; };
		9EADCAB52372233C00DB4BAC /* AppDelegate.swift */ = {isa = PBXFileReference; lastKnownFileType = sourcecode.swift; path = AppDelegate.swift; sourceTree = "<group>"; };
		9EADCAB72372233C00DB4BAC /* SceneDelegate.swift */ = {isa = PBXFileReference; lastKnownFileType = sourcecode.swift; path = SceneDelegate.swift; sourceTree = "<group>"; };
		9EADCAB92372233C00DB4BAC /* ViewController.swift */ = {isa = PBXFileReference; lastKnownFileType = sourcecode.swift; path = ViewController.swift; sourceTree = "<group>"; };
		9EADCABC2372233C00DB4BAC /* Base */ = {isa = PBXFileReference; lastKnownFileType = file.storyboard; name = Base; path = Base.lproj/Main.storyboard; sourceTree = "<group>"; };
		9EADCABE2372233F00DB4BAC /* Assets.xcassets */ = {isa = PBXFileReference; lastKnownFileType = folder.assetcatalog; path = Assets.xcassets; sourceTree = "<group>"; };
		9EADCAC12372233F00DB4BAC /* Base */ = {isa = PBXFileReference; lastKnownFileType = file.storyboard; name = Base; path = Base.lproj/LaunchScreen.storyboard; sourceTree = "<group>"; };
		9EADCAC32372233F00DB4BAC /* Info.plist */ = {isa = PBXFileReference; lastKnownFileType = text.plist.xml; path = Info.plist; sourceTree = "<group>"; };
/* End PBXFileReference section */

/* Begin PBXFrameworksBuildPhase section */
		9EADCAAF2372233C00DB4BAC /* Frameworks */ = {
			isa = PBXFrameworksBuildPhase;
			buildActionMask = 2147483647;
			files = (
			);
			runOnlyForDeploymentPostprocessing = 0;
		};
/* End PBXFrameworksBuildPhase section */

/* Begin PBXGroup section */
		9EADCAA92372233C00DB4BAC = {
			isa = PBXGroup;
			children = (
				9EADCAB42372233C00DB4BAC /* AutoLayout101-take2 */,
				9EADCAB32372233C00DB4BAC /* Products */,
			);
			sourceTree = "<group>";
		};
		9EADCAB32372233C00DB4BAC /* Products */ = {
			isa = PBXGroup;
			children = (
				9EADCAB22372233C00DB4BAC /* AutoLayout101-take2.app */,
			);
			name = Products;
			sourceTree = "<group>";
		};
		9EADCAB42372233C00DB4BAC /* AutoLayout101-take2 */ = {
			isa = PBXGroup;
			children = (
				9EADCAB52372233C00DB4BAC /* AppDelegate.swift */,
				9EADCAB72372233C00DB4BAC /* SceneDelegate.swift */,
				9EADCAB92372233C00DB4BAC /* ViewController.swift */,
				9EADCABB2372233C00DB4BAC /* Main.storyboard */,
				9EADCABE2372233F00DB4BAC /* Assets.xcassets */,
				9EADCAC02372233F00DB4BAC /* LaunchScreen.storyboard */,
				9EADCAC32372233F00DB4BAC /* Info.plist */,
			);
			path = "AutoLayout101-take2";
			sourceTree = "<group>";
		};
/* End PBXGroup section */

/* Begin PBXNativeTarget section */
		9EADCAB12372233C00DB4BAC /* AutoLayout101-take2 */ = {
			isa = PBXNativeTarget;
			buildConfigurationList = 9EADCAC62372233F00DB4BAC /* Build configuration list for PBXNativeTarget "AutoLayout101-take2" */;
			buildPhases = (
				9EADCAAE2372233C00DB4BAC /* Sources */,
				9EADCAAF2372233C00DB4BAC /* Frameworks */,
				9EADCAB02372233C00DB4BAC /* Resources */,
			);
			buildRules = (
			);
			dependencies = (
			);
			name = "AutoLayout101-take2";
			productName = "AutoLayout101-take2";
			productReference = 9EADCAB22372233C00DB4BAC /* AutoLayout101-take2.app */;
			productType = "com.apple.product-type.application";
		};
/* End PBXNativeTarget section */

/* Begin PBXProject section */
		9EADCAAA2372233C00DB4BAC /* Project object */ = {
			isa = PBXProject;
			attributes = {
				LastSwiftUpdateCheck = 1120;
				LastUpgradeCheck = 1120;
				ORGANIZATIONNAME = "Davidson, Liam";
				TargetAttributes = {
					9EADCAB12372233C00DB4BAC = {
						CreatedOnToolsVersion = 11.2;
					};
				};
			};
			buildConfigurationList = 9EADCAAD2372233C00DB4BAC /* Build configuration list for PBXProject "AutoLayout101-take2" */;
			compatibilityVersion = "Xcode 9.3";
			developmentRegion = en;
			hasScannedForEncodings = 0;
			knownRegions = (
				en,
				Base,
			);
			mainGroup = 9EADCAA92372233C00DB4BAC;
			productRefGroup = 9EADCAB32372233C00DB4BAC /* Products */;
			projectDirPath = "";
			projectRoot = "";
			targets = (
				9EADCAB12372233C00DB4BAC /* AutoLayout101-take2 */,
			);
		};
/* End PBXProject section */

/* Begin PBXResourcesBuildPhase section */
		9EADCAB02372233C00DB4BAC /* Resources */ = {
			isa = PBXResourcesBuildPhase;
			buildActionMask = 2147483647;
			files = (
				9EADCAC22372233F00DB4BAC /* LaunchScreen.storyboard in Resources */,
				9EADCABF2372233F00DB4BAC /* Assets.xcassets in Resources */,
				9EADCABD2372233C00DB4BAC /* Main.storyboard in Resources */,
			);
			runOnlyForDeploymentPostprocessing = 0;
		};
/* End PBXResourcesBuildPhase section */

/* Begin PBXSourcesBuildPhase section */
		9EADCAAE2372233C00DB4BAC /* Sources */ = {
			isa = PBXSourcesBuildPhase;
			buildActionMask = 2147483647;
			files = (
				9EADCABA2372233C00DB4BAC /* ViewController.swift in Sources */,
				9EADCAB62372233C00DB4BAC /* AppDelegate.swift in Sources */,
				9EADCAB82372233C00DB4BAC /* SceneDelegate.swift in Sources */,
			);
			runOnlyForDeploymentPostprocessing = 0;
		};
/* End PBXSourcesBuildPhase section */

/* Begin PBXVariantGroup section */
		9EADCABB2372233C00DB4BAC /* Main.storyboard */ = {
			isa = PBXVariantGroup;
			children = (
				9EADCABC2372233C00DB4BAC /* Base */,
			);
			name = Main.storyboard;
			sourceTree = "<group>";
		};
		9EADCAC02372233F00DB4BAC /* LaunchScreen.storyboard */ = {
			isa = PBXVariantGroup;
			children = (
				9EADCAC12372233F00DB4BAC /* Base */,
			);
			name = LaunchScreen.storyboard;
			sourceTree = "<group>";
		};
/* End PBXVariantGroup section */

/* Begin XCBuildConfiguration section */
		9EADCAC42372233F00DB4BAC /* Debug */ = {
			isa = XCBuildConfiguration;
			buildSettings = {
				ALWAYS_SEARCH_USER_PATHS = NO;
				CLANG_ANALYZER_NONNULL = YES;
				CLANG_ANALYZER_NUMBER_OBJECT_CONVERSION = YES_AGGRESSIVE;
				CLANG_CXX_LANGUAGE_STANDARD = "gnu++14";
				CLANG_CXX_LIBRARY = "libc++";
				CLANG_ENABLE_MODULES = YES;
				CLANG_ENABLE_OBJC_ARC = YES;
				CLANG_ENABLE_OBJC_WEAK = YES;
				CLANG_WARN_BLOCK_CAPTURE_AUTORELEASING = YES;
				CLANG_WARN_BOOL_CONVERSION = YES;
				CLANG_WARN_COMMA = YES;
				CLANG_WARN_CONSTANT_CONVERSION = YES;
				CLANG_WARN_DEPRECATED_OBJC_IMPLEMENTATIONS = YES;
				CLANG_WARN_DIRECT_OBJC_ISA_USAGE = YES_ERROR;
				CLANG_WARN_DOCUMENTATION_COMMENTS = YES;
				CLANG_WARN_EMPTY_BODY = YES;
				CLANG_WARN_ENUM_CONVERSION = YES;
				CLANG_WARN_INFINITE_RECURSION = YES;
				CLANG_WARN_INT_CONVERSION = YES;
				CLANG_WARN_NON_LITERAL_NULL_CONVERSION = YES;
				CLANG_WARN_OBJC_IMPLICIT_RETAIN_SELF = YES;
				CLANG_WARN_OBJC_LITERAL_CONVERSION = YES;
				CLANG_WARN_OBJC_ROOT_CLASS = YES_ERROR;
				CLANG_WARN_RANGE_LOOP_ANALYSIS = YES;
				CLANG_WARN_STRICT_PROTOTYPES = YES;
				CLANG_WARN_SUSPICIOUS_MOVE = YES;
				CLANG_WARN_UNGUARDED_AVAILABILITY = YES_AGGRESSIVE;
				CLANG_WARN_UNREACHABLE_CODE = YES;
				CLANG_WARN__DUPLICATE_METHOD_MATCH = YES;
				COPY_PHASE_STRIP = NO;
				DEBUG_INFORMATION_FORMAT = dwarf;
				ENABLE_STRICT_OBJC_MSGSEND = YES;
				ENABLE_TESTABILITY = YES;
				GCC_C_LANGUAGE_STANDARD = gnu11;
				GCC_DYNAMIC_NO_PIC = NO;
				GCC_NO_COMMON_BLOCKS = YES;
				GCC_OPTIMIZATION_LEVEL = 0;
				GCC_PREPROCESSOR_DEFINITIONS = (
					"DEBUG=1",
					"$(inherited)",
				);
				GCC_WARN_64_TO_32_BIT_CONVERSION = YES;
				GCC_WARN_ABOUT_RETURN_TYPE = YES_ERROR;
				GCC_WARN_UNDECLARED_SELECTOR = YES;
				GCC_WARN_UNINITIALIZED_AUTOS = YES_AGGRESSIVE;
				GCC_WARN_UNUSED_FUNCTION = YES;
				GCC_WARN_UNUSED_VARIABLE = YES;
				IPHONEOS_DEPLOYMENT_TARGET = 13.2;
				MTL_ENABLE_DEBUG_INFO = INCLUDE_SOURCE;
				MTL_FAST_MATH = YES;
				ONLY_ACTIVE_ARCH = YES;
				SDKROOT = iphoneos;
				SWIFT_ACTIVE_COMPILATION_CONDITIONS = DEBUG;
				SWIFT_OPTIMIZATION_LEVEL = "-Onone";
			};
			name = Debug;
		};
		9EADCAC52372233F00DB4BAC /* Release */ = {
			isa = XCBuildConfiguration;
			buildSettings = {
				ALWAYS_SEARCH_USER_PATHS = NO;
				CLANG_ANALYZER_NONNULL = YES;
				CLANG_ANALYZER_NUMBER_OBJECT_CONVERSION = YES_AGGRESSIVE;
				CLANG_CXX_LANGUAGE_STANDARD = "gnu++14";
				CLANG_CXX_LIBRARY = "libc++";
				CLANG_ENABLE_MODULES = YES;
				CLANG_ENABLE_OBJC_ARC = YES;
				CLANG_ENABLE_OBJC_WEAK = YES;
				CLANG_WARN_BLOCK_CAPTURE_AUTORELEASING = YES;
				CLANG_WARN_BOOL_CONVERSION = YES;
				CLANG_WARN_COMMA = YES;
				CLANG_WARN_CONSTANT_CONVERSION = YES;
				CLANG_WARN_DEPRECATED_OBJC_IMPLEMENTATIONS = YES;
				CLANG_WARN_DIRECT_OBJC_ISA_USAGE = YES_ERROR;
				CLANG_WARN_DOCUMENTATION_COMMENTS = YES;
				CLANG_WARN_EMPTY_BODY = YES;
				CLANG_WARN_ENUM_CONVERSION = YES;
				CLANG_WARN_INFINITE_RECURSION = YES;
				CLANG_WARN_INT_CONVERSION = YES;
				CLANG_WARN_NON_LITERAL_NULL_CONVERSION = YES;
				CLANG_WARN_OBJC_IMPLICIT_RETAIN_SELF = YES;
				CLANG_WARN_OBJC_LITERAL_CONVERSION = YES;
				CLANG_WARN_OBJC_ROOT_CLASS = YES_ERROR;
				CLANG_WARN_RANGE_LOOP_ANALYSIS = YES;
				CLANG_WARN_STRICT_PROTOTYPES = YES;
				CLANG_WARN_SUSPICIOUS_MOVE = YES;
				CLANG_WARN_UNGUARDED_AVAILABILITY = YES_AGGRESSIVE;
				CLANG_WARN_UNREACHABLE_CODE = YES;
				CLANG_WARN__DUPLICATE_METHOD_MATCH = YES;
				COPY_PHASE_STRIP = NO;
				DEBUG_INFORMATION_FORMAT = "dwarf-with-dsym";
				ENABLE_NS_ASSERTIONS = NO;
				ENABLE_STRICT_OBJC_MSGSEND = YES;
				GCC_C_LANGUAGE_STANDARD = gnu11;
				GCC_NO_COMMON_BLOCKS = YES;
				GCC_WARN_64_TO_32_BIT_CONVERSION = YES;
				GCC_WARN_ABOUT_RETURN_TYPE = YES_ERROR;
				GCC_WARN_UNDECLARED_SELECTOR = YES;
				GCC_WARN_UNINITIALIZED_AUTOS = YES_AGGRESSIVE;
				GCC_WARN_UNUSED_FUNCTION = YES;
				GCC_WARN_UNUSED_VARIABLE = YES;
				IPHONEOS_DEPLOYMENT_TARGET = 13.2;
				MTL_ENABLE_DEBUG_INFO = NO;
				MTL_FAST_MATH = YES;
				SDKROOT = iphoneos;
				SWIFT_COMPILATION_MODE = wholemodule;
				SWIFT_OPTIMIZATION_LEVEL = "-O";
				VALIDATE_PRODUCT = YES;
			};
			name = Release;
		};
		9EADCAC72372233F00DB4BAC /* Debug */ = {
			isa = XCBuildConfiguration;
			buildSettings = {
				ASSETCATALOG_COMPILER_APPICON_NAME = AppIcon;
				CODE_SIGN_STYLE = Automatic;
				DEVELOPMENT_TEAM = F7L9J284Q3;
				INFOPLIST_FILE = "AutoLayout101-take2/Info.plist";
				LD_RUNPATH_SEARCH_PATHS = (
					"$(inherited)",
					"@executable_path/Frameworks",
				);
				PRODUCT_BUNDLE_IDENTIFIER = "Ginger-Coding.AutoLayout101-take2";
				PRODUCT_NAME = "$(TARGET_NAME)";
				SWIFT_VERSION = 5.0;
				TARGETED_DEVICE_FAMILY = "1,2";
			};
			name = Debug;
		};
		9EADCAC82372233F00DB4BAC /* Release */ = {
			isa = XCBuildConfiguration;
			buildSettings = {
				ASSETCATALOG_COMPILER_APPICON_NAME = AppIcon;
				CODE_SIGN_STYLE = Automatic;
				DEVELOPMENT_TEAM = F7L9J284Q3;
				INFOPLIST_FILE = "AutoLayout101-take2/Info.plist";
				LD_RUNPATH_SEARCH_PATHS = (
					"$(inherited)",
					"@executable_path/Frameworks",
				);
				PRODUCT_BUNDLE_IDENTIFIER = "Ginger-Coding.AutoLayout101-take2";
				PRODUCT_NAME = "$(TARGET_NAME)";
				SWIFT_VERSION = 5.0;
				TARGETED_DEVICE_FAMILY = "1,2";
			};
			name = Release;
		};
/* End XCBuildConfiguration section */

/* Begin XCConfigurationList section */
		9EADCAAD2372233C00DB4BAC /* Build configuration list for PBXProject "AutoLayout101-take2" */ = {
			isa = XCConfigurationList;
			buildConfigurations = (
				9EADCAC42372233F00DB4BAC /* Debug */,
				9EADCAC52372233F00DB4BAC /* Release */,
			);
			defaultConfigurationIsVisible = 0;
			defaultConfigurationName = Release;
		};
		9EADCAC62372233F00DB4BAC /* Build configuration list for PBXNativeTarget "AutoLayout101-take2" */ = {
			isa = XCConfigurationList;
			buildConfigurations = (
				9EADCAC72372233F00DB4BAC /* Debug */,
				9EADCAC82372233F00DB4BAC /* Release */,
			);
			defaultConfigurationIsVisible = 0;
			defaultConfigurationName = Release;
		};
/* End XCConfigurationList section */
	};
	rootObject = 9EADCAAA2372233C00DB4BAC /* Project object */;
}
